github.com/gotk3/gotk3 v0.5.3-0.20210223154815-289cfb6dbf32 h1:wE6C/HgLUBHi8YhHlCEulrmQMntVl4PFdh3kA0sWyAY=
github.com/gotk3/gotk3 v0.5.3-0.20210223154815-289cfb6dbf32/go.mod h1:/hqFpkNa9T3JgNAE2fLvCdov7c5bw//FHNZrZ3Uv9/Q=
github.com/gotk3/gotk3 v0.6.1 h1:GJ400a0ecEEWrzjBvzBzH+pB/esEMIGdB9zPSmBdoeo=
github.com/gotk3/gotk3 v0.6.1/go.mod h1:/hqFpkNa9T3JgNAE2fLvCdov7c5bw//FHNZrZ3Uv9/Q=
